// !$*UTF8*$!
{
	archiveVersion = 1;
	classes = {
	};
	objectVersion = 50;
	objects = {

/* Begin PBXBuildFile section */
		152CC4B824B8EA670042A727 /* SpendtrackApp.swift in Sources */ = {isa = PBXBuildFile; fileRef = 152CC4A524B8EA660042A727 /* SpendtrackApp.swift */; };
		152CC4B924B8EA670042A727 /* SpendtrackApp.swift in Sources */ = {isa = PBXBuildFile; fileRef = 152CC4A524B8EA660042A727 /* SpendtrackApp.swift */; };
		152CC4BA24B8EA670042A727 /* ContentView.swift in Sources */ = {isa = PBXBuildFile; fileRef = 152CC4A624B8EA660042A727 /* ContentView.swift */; };
		152CC4BB24B8EA670042A727 /* ContentView.swift in Sources */ = {isa = PBXBuildFile; fileRef = 152CC4A624B8EA660042A727 /* ContentView.swift */; };
		152CC4BC24B8EA670042A727 /* Assets.xcassets in Resources */ = {isa = PBXBuildFile; fileRef = 152CC4A724B8EA670042A727 /* Assets.xcassets */; };
		152CC4BD24B8EA670042A727 /* Assets.xcassets in Resources */ = {isa = PBXBuildFile; fileRef = 152CC4A724B8EA670042A727 /* Assets.xcassets */; };
/* End PBXBuildFile section */

/* Begin PBXFileReference section */
		152CC4A524B8EA660042A727 /* SpendtrackApp.swift */ = {isa = PBXFileReference; lastKnownFileType = sourcecode.swift; path = SpendtrackApp.swift; sourceTree = "<group>"; };
		152CC4A624B8EA660042A727 /* ContentView.swift */ = {isa = PBXFileReference; lastKnownFileType = sourcecode.swift; path = ContentView.swift; sourceTree = "<group>"; };
		152CC4A724B8EA670042A727 /* Assets.xcassets */ = {isa = PBXFileReference; lastKnownFileType = folder.assetcatalog; path = Assets.xcassets; sourceTree = "<group>"; };
		152CC4AC24B8EA670042A727 /* Spendtrack.app */ = {isa = PBXFileReference; explicitFileType = wrapper.application; includeInIndex = 0; path = Spendtrack.app; sourceTree = BUILT_PRODUCTS_DIR; };
		152CC4AF24B8EA670042A727 /* Info.plist */ = {isa = PBXFileReference; lastKnownFileType = text.plist.xml; path = Info.plist; sourceTree = "<group>"; };
		152CC4B424B8EA670042A727 /* Spendtrack.app */ = {isa = PBXFileReference; explicitFileType = wrapper.application; includeInIndex = 0; path = Spendtrack.app; sourceTree = BUILT_PRODUCTS_DIR; };
		152CC4B624B8EA670042A727 /* Info.plist */ = {isa = PBXFileReference; lastKnownFileType = text.plist.xml; path = Info.plist; sourceTree = "<group>"; };
		152CC4B724B8EA670042A727 /* macOS.entitlements */ = {isa = PBXFileReference; lastKnownFileType = text.plist.entitlements; path = macOS.entitlements; sourceTree = "<group>"; };
/* End PBXFileReference section */

/* Begin PBXFrameworksBuildPhase section */
		152CC4A924B8EA670042A727 /* Frameworks */ = {
			isa = PBXFrameworksBuildPhase;
			buildActionMask = 2147483647;
			files = (
			);
			runOnlyForDeploymentPostprocessing = 0;
		};
		152CC4B124B8EA670042A727 /* Frameworks */ = {
			isa = PBXFrameworksBuildPhase;
			buildActionMask = 2147483647;
			files = (
			);
			runOnlyForDeploymentPostprocessing = 0;
		};
/* End PBXFrameworksBuildPhase section */

/* Begin PBXGroup section */
		152CC49F24B8EA660042A727 = {
			isa = PBXGroup;
			children = (
				152CC4A424B8EA660042A727 /* Shared */,
				152CC4AE24B8EA670042A727 /* iOS */,
				152CC4B524B8EA670042A727 /* macOS */,
				152CC4AD24B8EA670042A727 /* Products */,
			);
			sourceTree = "<group>";
		};
		152CC4A424B8EA660042A727 /* Shared */ = {
			isa = PBXGroup;
			children = (
				152CC4A524B8EA660042A727 /* SpendtrackApp.swift */,
				152CC4A624B8EA660042A727 /* ContentView.swift */,
				152CC4A724B8EA670042A727 /* Assets.xcassets */,
			);
			path = Shared;
			sourceTree = "<group>";
		};
		152CC4AD24B8EA670042A727 /* Products */ = {
			isa = PBXGroup;
			children = (
				152CC4AC24B8EA670042A727 /* Spendtrack.app */,
				152CC4B424B8EA670042A727 /* Spendtrack.app */,
			);
			name = Products;
			sourceTree = "<group>";
		};
		152CC4AE24B8EA670042A727 /* iOS */ = {
			isa = PBXGroup;
			children = (
				152CC4AF24B8EA670042A727 /* Info.plist */,
			);
			path = iOS;
			sourceTree = "<group>";
		};
		152CC4B524B8EA670042A727 /* macOS */ = {
			isa = PBXGroup;
			children = (
				152CC4B624B8EA670042A727 /* Info.plist */,
				152CC4B724B8EA670042A727 /* macOS.entitlements */,
			);
			path = macOS;
			sourceTree = "<group>";
		};
/* End PBXGroup section */

/* Begin PBXNativeTarget section */
		152CC4AB24B8EA670042A727 /* Spendtrack (iOS) */ = {
			isa = PBXNativeTarget;
			buildConfigurationList = 152CC4C024B8EA670042A727 /* Build configuration list for PBXNativeTarget "Spendtrack (iOS)" */;
			buildPhases = (
				152CC4A824B8EA670042A727 /* Sources */,
				152CC4A924B8EA670042A727 /* Frameworks */,
				152CC4AA24B8EA670042A727 /* Resources */,
			);
			buildRules = (
			);
			dependencies = (
			);
			name = "Spendtrack (iOS)";
			productName = "Spendtrack (iOS)";
			productReference = 152CC4AC24B8EA670042A727 /* Spendtrack.app */;
			productType = "com.apple.product-type.application";
		};
		152CC4B324B8EA670042A727 /* Spendtrack (macOS) */ = {
			isa = PBXNativeTarget;
			buildConfigurationList = 152CC4C324B8EA670042A727 /* Build configuration list for PBXNativeTarget "Spendtrack (macOS)" */;
			buildPhases = (
				152CC4B024B8EA670042A727 /* Sources */,
				152CC4B124B8EA670042A727 /* Frameworks */,
				152CC4B224B8EA670042A727 /* Resources */,
			);
			buildRules = (
			);
			dependencies = (
			);
			name = "Spendtrack (macOS)";
			productName = "Spendtrack (macOS)";
			productReference = 152CC4B424B8EA670042A727 /* Spendtrack.app */;
			productType = "com.apple.product-type.application";
		};
/* End PBXNativeTarget section */

/* Begin PBXProject section */
		152CC4A024B8EA660042A727 /* Project object */ = {
			isa = PBXProject;
			attributes = {
				LastSwiftUpdateCheck = 1200;
				LastUpgradeCheck = 1200;
				TargetAttributes = {
					152CC4AB24B8EA670042A727 = {
						CreatedOnToolsVersion = 12.0;
					};
					152CC4B324B8EA670042A727 = {
						CreatedOnToolsVersion = 12.0;
					};
				};
			};
			buildConfigurationList = 152CC4A324B8EA660042A727 /* Build configuration list for PBXProject "Spendtrack" */;
			compatibilityVersion = "Xcode 9.3";
			developmentRegion = en;
			hasScannedForEncodings = 0;
			knownRegions = (
				en,
				Base,
			);
			mainGroup = 152CC49F24B8EA660042A727;
			productRefGroup = 152CC4AD24B8EA670042A727 /* Products */;
			projectDirPath = "";
			projectRoot = "";
			targets = (
				152CC4AB24B8EA670042A727 /* Spendtrack (iOS) */,
				152CC4B324B8EA670042A727 /* Spendtrack (macOS) */,
			);
		};
/* End PBXProject section */

/* Begin PBXResourcesBuildPhase section */
		152CC4AA24B8EA670042A727 /* Resources */ = {
			isa = PBXResourcesBuildPhase;
			buildActionMask = 2147483647;
			files = (
				152CC4BC24B8EA670042A727 /* Assets.xcassets in Resources */,
			);
			runOnlyForDeploymentPostprocessing = 0;
		};
		152CC4B224B8EA670042A727 /* Resources */ = {
			isa = PBXResourcesBuildPhase;
			buildActionMask = 2147483647;
			files = (
				152CC4BD24B8EA670042A727 /* Assets.xcassets in Resources */,
			);
			runOnlyForDeploymentPostprocessing = 0;
		};
/* End PBXResourcesBuildPhase section */

/* Begin PBXSourcesBuildPhase section */
		152CC4A824B8EA670042A727 /* Sources */ = {
			isa = PBXSourcesBuildPhase;
			buildActionMask = 2147483647;
			files = (
				152CC4BA24B8EA670042A727 /* ContentView.swift in Sources */,
				152CC4B824B8EA670042A727 /* SpendtrackApp.swift in Sources */,
			);
			runOnlyForDeploymentPostprocessing = 0;
		};
		152CC4B024B8EA670042A727 /* Sources */ = {
			isa = PBXSourcesBuildPhase;
			buildActionMask = 2147483647;
			files = (
				152CC4BB24B8EA670042A727 /* ContentView.swift in Sources */,
				152CC4B924B8EA670042A727 /* SpendtrackApp.swift in Sources */,
			);
			runOnlyForDeploymentPostprocessing = 0;
		};
/* End PBXSourcesBuildPhase section */

/* Begin XCBuildConfiguration section */
		152CC4BE24B8EA670042A727 /* Debug */ = {
			isa = XCBuildConfiguration;
			buildSettings = {
				ALWAYS_SEARCH_USER_PATHS = NO;
				CLANG_ANALYZER_NONNULL = YES;
				CLANG_ANALYZER_NUMBER_OBJECT_CONVERSION = YES_AGGRESSIVE;
				CLANG_CXX_LANGUAGE_STANDARD = "gnu++14";
				CLANG_CXX_LIBRARY = "libc++";
				CLANG_ENABLE_MODULES = YES;
				CLANG_ENABLE_OBJC_ARC = YES;
				CLANG_ENABLE_OBJC_WEAK = YES;
				CLANG_WARN_BLOCK_CAPTURE_AUTORELEASING = YES;
				CLANG_WARN_BOOL_CONVERSION = YES;
				CLANG_WARN_COMMA = YES;
				CLANG_WARN_CONSTANT_CONVERSION = YES;
				CLANG_WARN_DEPRECATED_OBJC_IMPLEMENTATIONS = YES;
				CLANG_WARN_DIRECT_OBJC_ISA_USAGE = YES_ERROR;
				CLANG_WARN_DOCUMENTATION_COMMENTS = YES;
				CLANG_WARN_EMPTY_BODY = YES;
				CLANG_WARN_ENUM_CONVERSION = YES;
				CLANG_WARN_INFINITE_RECURSION = YES;
				CLANG_WARN_INT_CONVERSION = YES;
				CLANG_WARN_NON_LITERAL_NULL_CONVERSION = YES;
				CLANG_WARN_OBJC_IMPLICIT_RETAIN_SELF = YES;
				CLANG_WARN_OBJC_LITERAL_CONVERSION = YES;
				CLANG_WARN_OBJC_ROOT_CLASS = YES_ERROR;
				CLANG_WARN_QUOTED_INCLUDE_IN_FRAMEWORK_HEADER = YES;
				CLANG_WARN_RANGE_LOOP_ANALYSIS = YES;
				CLANG_WARN_STRICT_PROTOTYPES = YES;
				CLANG_WARN_SUSPICIOUS_MOVE = YES;
				CLANG_WARN_UNGUARDED_AVAILABILITY = YES_AGGRESSIVE;
				CLANG_WARN_UNREACHABLE_CODE = YES;
				CLANG_WARN__DUPLICATE_METHOD_MATCH = YES;
				COPY_PHASE_STRIP = NO;
				DEBUG_INFORMATION_FORMAT = dwarf;
				ENABLE_STRICT_OBJC_MSGSEND = YES;
				ENABLE_TESTABILITY = YES;
				GCC_C_LANGUAGE_STANDARD = gnu11;
				GCC_DYNAMIC_NO_PIC = NO;
				GCC_NO_COMMON_BLOCKS = YES;
				GCC_OPTIMIZATION_LEVEL = 0;
				GCC_PREPROCESSOR_DEFINITIONS = (
					"DEBUG=1",
					"$(inherited)",
				);
				GCC_WARN_64_TO_32_BIT_CONVERSION = YES;
				GCC_WARN_ABOUT_RETURN_TYPE = YES_ERROR;
				GCC_WARN_UNDECLARED_SELECTOR = YES;
				GCC_WARN_UNINITIALIZED_AUTOS = YES_AGGRESSIVE;
				GCC_WARN_UNUSED_FUNCTION = YES;
				GCC_WARN_UNUSED_VARIABLE = YES;
				MTL_ENABLE_DEBUG_INFO = INCLUDE_SOURCE;
				MTL_FAST_MATH = YES;
				ONLY_ACTIVE_ARCH = YES;
				SWIFT_ACTIVE_COMPILATION_CONDITIONS = DEBUG;
				SWIFT_OPTIMIZATION_LEVEL = "-Onone";
			};
			name = Debug;
		};
		152CC4BF24B8EA670042A727 /* Release */ = {
			isa = XCBuildConfiguration;
			buildSettings = {
				ALWAYS_SEARCH_USER_PATHS = NO;
				CLANG_ANALYZER_NONNULL = YES;
				CLANG_ANALYZER_NUMBER_OBJECT_CONVERSION = YES_AGGRESSIVE;
				CLANG_CXX_LANGUAGE_STANDARD = "gnu++14";
				CLANG_CXX_LIBRARY = "libc++";
				CLANG_ENABLE_MODULES = YES;
				CLANG_ENABLE_OBJC_ARC = YES;
				CLANG_ENABLE_OBJC_WEAK = YES;
				CLANG_WARN_BLOCK_CAPTURE_AUTORELEASING = YES;
				CLANG_WARN_BOOL_CONVERSION = YES;
				CLANG_WARN_COMMA = YES;
				CLANG_WARN_CONSTANT_CONVERSION = YES;
				CLANG_WARN_DEPRECATED_OBJC_IMPLEMENTATIONS = YES;
				CLANG_WARN_DIRECT_OBJC_ISA_USAGE = YES_ERROR;
				CLANG_WARN_DOCUMENTATION_COMMENTS = YES;
				CLANG_WARN_EMPTY_BODY = YES;
				CLANG_WARN_ENUM_CONVERSION = YES;
				CLANG_WARN_INFINITE_RECURSION = YES;
				CLANG_WARN_INT_CONVERSION = YES;
				CLANG_WARN_NON_LITERAL_NULL_CONVERSION = YES;
				CLANG_WARN_OBJC_IMPLICIT_RETAIN_SELF = YES;
				CLANG_WARN_OBJC_LITERAL_CONVERSION = YES;
				CLANG_WARN_OBJC_ROOT_CLASS = YES_ERROR;
				CLANG_WARN_QUOTED_INCLUDE_IN_FRAMEWORK_HEADER = YES;
				CLANG_WARN_RANGE_LOOP_ANALYSIS = YES;
				CLANG_WARN_STRICT_PROTOTYPES = YES;
				CLANG_WARN_SUSPICIOUS_MOVE = YES;
				CLANG_WARN_UNGUARDED_AVAILABILITY = YES_AGGRESSIVE;
				CLANG_WARN_UNREACHABLE_CODE = YES;
				CLANG_WARN__DUPLICATE_METHOD_MATCH = YES;
				COPY_PHASE_STRIP = NO;
				DEBUG_INFORMATION_FORMAT = "dwarf-with-dsym";
				ENABLE_NS_ASSERTIONS = NO;
				ENABLE_STRICT_OBJC_MSGSEND = YES;
				GCC_C_LANGUAGE_STANDARD = gnu11;
				GCC_NO_COMMON_BLOCKS = YES;
				GCC_WARN_64_TO_32_BIT_CONVERSION = YES;
				GCC_WARN_ABOUT_RETURN_TYPE = YES_ERROR;
				GCC_WARN_UNDECLARED_SELECTOR = YES;
				GCC_WARN_UNINITIALIZED_AUTOS = YES_AGGRESSIVE;
				GCC_WARN_UNUSED_FUNCTION = YES;
				GCC_WARN_UNUSED_VARIABLE = YES;
				MTL_ENABLE_DEBUG_INFO = NO;
				MTL_FAST_MATH = YES;
				SWIFT_COMPILATION_MODE = wholemodule;
				SWIFT_OPTIMIZATION_LEVEL = "-O";
			};
			name = Release;
		};
		152CC4C124B8EA670042A727 /* Debug */ = {
			isa = XCBuildConfiguration;
			buildSettings = {
				ASSETCATALOG_COMPILER_APPICON_NAME = AppIcon;
				ASSETCATALOG_COMPILER_GLOBAL_ACCENT_COLOR_NAME = AccentColor;
				CODE_SIGN_STYLE = Automatic;
				DEVELOPMENT_TEAM = 4WPNK427TB;
				ENABLE_PREVIEWS = YES;
				INFOPLIST_FILE = iOS/Info.plist;
				IPHONEOS_DEPLOYMENT_TARGET = 14.0;
				LD_RUNPATH_SEARCH_PATHS = (
					"$(inherited)",
					"@executable_path/Frameworks",
				);
				PRODUCT_BUNDLE_IDENTIFIER = com.yakis.Spendtrack;
				PRODUCT_NAME = Spendtrack;
				SDKROOT = iphoneos;
				SWIFT_VERSION = 5.0;
				TARGETED_DEVICE_FAMILY = "1,2";
			};
			name = Debug;
		};
		152CC4C224B8EA670042A727 /* Release */ = {
			isa = XCBuildConfiguration;
			buildSettings = {
				ASSETCATALOG_COMPILER_APPICON_NAME = AppIcon;
				ASSETCATALOG_COMPILER_GLOBAL_ACCENT_COLOR_NAME = AccentColor;
				CODE_SIGN_STYLE = Automatic;
				DEVELOPMENT_TEAM = 4WPNK427TB;
				ENABLE_PREVIEWS = YES;
				INFOPLIST_FILE = iOS/Info.plist;
				IPHONEOS_DEPLOYMENT_TARGET = 14.0;
				LD_RUNPATH_SEARCH_PATHS = (
					"$(inherited)",
					"@executable_path/Frameworks",
				);
				PRODUCT_BUNDLE_IDENTIFIER = com.yakis.Spendtrack;
				PRODUCT_NAME = Spendtrack;
				SDKROOT = iphoneos;
				SWIFT_VERSION = 5.0;
				TARGETED_DEVICE_FAMILY = "1,2";
				VALIDATE_PRODUCT = YES;
			};
			name = Release;
		};
		152CC4C424B8EA670042A727 /* Debug */ = {
			isa = XCBuildConfiguration;
			buildSettings = {
				ASSETCATALOG_COMPILER_APPICON_NAME = AppIcon;
				ASSETCATALOG_COMPILER_GLOBAL_ACCENT_COLOR_NAME = AccentColor;
				CODE_SIGN_ENTITLEMENTS = macOS/macOS.entitlements;
				CODE_SIGN_STYLE = Automatic;
				COMBINE_HIDPI_IMAGES = YES;
				DEVELOPMENT_TEAM = 4WPNK427TB;
				ENABLE_HARDENED_RUNTIME = YES;
				ENABLE_PREVIEWS = YES;
				INFOPLIST_FILE = macOS/Info.plist;
				LD_RUNPATH_SEARCH_PATHS = (
					"$(inherited)",
					"@executable_path/../Frameworks",
				);
				MACOSX_DEPLOYMENT_TARGET = 10.16;
				PRODUCT_BUNDLE_IDENTIFIER = com.yakis.Spendtrack;
				PRODUCT_NAME = Spendtrack;
				SDKROOT = macosx;
				SWIFT_VERSION = 5.0;
			};
			name = Debug;
		};
		152CC4C524B8EA670042A727 /* Release */ = {
			isa = XCBuildConfiguration;
			buildSettings = {
				ASSETCATALOG_COMPILER_APPICON_NAME = AppIcon;
				ASSETCATALOG_COMPILER_GLOBAL_ACCENT_COLOR_NAME = AccentColor;
				CODE_SIGN_ENTITLEMENTS = macOS/macOS.entitlements;
				CODE_SIGN_STYLE = Automatic;
				COMBINE_HIDPI_IMAGES = YES;
				DEVELOPMENT_TEAM = 4WPNK427TB;
				ENABLE_HARDENED_RUNTIME = YES;
				ENABLE_PREVIEWS = YES;
				INFOPLIST_FILE = macOS/Info.plist;
				LD_RUNPATH_SEARCH_PATHS = (
					"$(inherited)",
					"@executable_path/../Frameworks",
				);
				MACOSX_DEPLOYMENT_TARGET = 10.16;
				PRODUCT_BUNDLE_IDENTIFIER = com.yakis.Spendtrack;
				PRODUCT_NAME = Spendtrack;
				SDKROOT = macosx;
				SWIFT_VERSION = 5.0;
			};
			name = Release;
		};
/* End XCBuildConfiguration section */

/* Begin XCConfigurationList section */
		152CC4A324B8EA660042A727 /* Build configuration list for PBXProject "Spendtrack" */ = {
			isa = XCConfigurationList;
			buildConfigurations = (
				152CC4BE24B8EA670042A727 /* Debug */,
				152CC4BF24B8EA670042A727 /* Release */,
			);
			defaultConfigurationIsVisible = 0;
			defaultConfigurationName = Release;
		};
		152CC4C024B8EA670042A727 /* Build configuration list for PBXNativeTarget "Spendtrack (iOS)" */ = {
			isa = XCConfigurationList;
			buildConfigurations = (
				152CC4C124B8EA670042A727 /* Debug */,
				152CC4C224B8EA670042A727 /* Release */,
			);
			defaultConfigurationIsVisible = 0;
			defaultConfigurationName = Release;
		};
		152CC4C324B8EA670042A727 /* Build configuration list for PBXNativeTarget "Spendtrack (macOS)" */ = {
			isa = XCConfigurationList;
			buildConfigurations = (
				152CC4C424B8EA670042A727 /* Debug */,
				152CC4C524B8EA670042A727 /* Release */,
			);
			defaultConfigurationIsVisible = 0;
			defaultConfigurationName = Release;
		};
/* End XCConfigurationList section */
	};
	rootObject = 152CC4A024B8EA660042A727 /* Project object */;
}
